
Microsoft Visual Studio Solution File, Format Version 12.00
# Visual Studio 2012
Project("{FAE04EC0-301F-11D3-BF4B-00C04F79EFBC}") = "UnTar.ResponseInspector", "UnTar.ResponseInspector\UnTar.ResponseInspector.csproj", "{634EF312-3490-416C-BBF9-67D4003796F4}"
EndProject
Global
	GlobalSection(SolutionConfigurationPlatforms) = preSolution
		Debug|Any CPU = Debug|Any CPU
		Release|Any CPU = Release|Any CPU
	EndGlobalSection
	GlobalSection(ProjectConfigurationPlatforms) = postSolution
		{634EF312-3490-416C-BBF9-67D4003796F4}.Debug|Any CPU.ActiveCfg = Debug|Any CPU
		{634EF312-3490-416C-BBF9-67D4003796F4}.Debug|Any CPU.Build.0 = Debug|Any CPU
		{634EF312-3490-416C-BBF9-67D4003796F4}.Release|Any CPU.ActiveCfg = Release|Any CPU
		{634EF312-3490-416C-BBF9-67D4003796F4}.Release|Any CPU.Build.0 = Release|Any CPU
	EndGlobalSection
	GlobalSection(SolutionProperties) = preSolution
		HideSolutionNode = FALSE
	EndGlobalSection
EndGlobal
